
Microsoft Visual Studio Solution File, Format Version 12.00
# Visual Studio Version 17
VisualStudioVersion = 17.0.31606.5
MinimumVisualStudioVersion = 10.0.40219.1
Project("{2150E333-8FDC-42A3-9474-1A3956D46DE8}") = "src", "src", "{DE25B04B-EF82-442F-9BFA-0704CEF8ECAB}"
EndProject
Project("{2150E333-8FDC-42A3-9474-1A3956D46DE8}") = "Building Blocks", "Building Blocks", "{337C3048-0931-4760-81EA-EBD3949715E5}"
EndProject
Project("{2150E333-8FDC-42A3-9474-1A3956D46DE8}") = "Services", "Services", "{752C4FA5-72B0-4460-9F4C-70292CFA5A1B}"
EndProject
Project("{2150E333-8FDC-42A3-9474-1A3956D46DE8}") = "Web", "Web", "{B0ACFB3A-C799-4A40-B36F-4EEA2036B7CD}"
EndProject
Project("{2150E333-8FDC-42A3-9474-1A3956D46DE8}") = "Identidade", "Identidade", "{A360973D-5C56-4892-ADD8-EC7250D79922}"
EndProject
Project("{9A19103F-16F7-4668-BE54-9A1E7A4F7556}") = "NSE.Identidade.API", "src\services\NSE.Identidade.API\NSE.Identidade.API.csproj", "{67A8E761-47A1-4CDD-959E-A9D5A0959C62}"
EndProject
Project("{2150E333-8FDC-42A3-9474-1A3956D46DE8}") = "MVC", "MVC", "{256C5DE7-B8F7-440C-9F71-4631073EF183}"
EndProject
Project("{9A19103F-16F7-4668-BE54-9A1E7A4F7556}") = "NSE.WebApp.MVC", "src\web\NSE.WebApp.MVC\NSE.WebApp.MVC.csproj", "{19B2703F-15DD-4D8E-8AC7-EC46862C9185}"
EndProject
Project("{2150E333-8FDC-42A3-9474-1A3956D46DE8}") = "Core", "Core", "{20AC7F82-E60F-4A30-83CB-CD27F03D8943}"
EndProject
Project("{9A19103F-16F7-4668-BE54-9A1E7A4F7556}") = "NSE.Core", "src\building blocks\NSE.Core\NSE.Core.csproj", "{6534A092-D55E-4932-AA4C-DA2F5F35D230}"
EndProject
Project("{2150E333-8FDC-42A3-9474-1A3956D46DE8}") = "Carrinho", "Carrinho", "{FF96C1ED-08BA-4DAF-B2D3-9C83F243192D}"
EndProject
Project("{2150E333-8FDC-42A3-9474-1A3956D46DE8}") = "Catalogo", "Catalogo", "{AC029B07-CC48-430F-BEEF-262E8ABDF9A1}"
EndProject
Project("{2150E333-8FDC-42A3-9474-1A3956D46DE8}") = "Clientes", "Clientes", "{A4DFDBAD-C14F-4C2B-8C9C-1D4EC2D47FBE}"
EndProject
Project("{2150E333-8FDC-42A3-9474-1A3956D46DE8}") = "Pagamento", "Pagamento", "{EBEE8360-7D33-414D-A754-0556F7F0CC24}"
EndProject
Project("{2150E333-8FDC-42A3-9474-1A3956D46DE8}") = "Pedido", "Pedido", "{CE049409-08B3-47C7-8553-F29C263F4D05}"
EndProject
Project("{9A19103F-16F7-4668-BE54-9A1E7A4F7556}") = "NSE.Carrinho.API", "src\services\NSE.Carrinho.API\NSE.Carrinho.API.csproj", "{03F09E30-621C-40BB-A2C2-2557EE9B57FB}"
EndProject
Project("{9A19103F-16F7-4668-BE54-9A1E7A4F7556}") = "NSE.Catalogo.API", "src\services\NSE.Catalogo.API\NSE.Catalogo.API.csproj", "{1FAF726A-A974-4A70-B67E-1B2A6D7ACA0E}"
EndProject
Project("{9A19103F-16F7-4668-BE54-9A1E7A4F7556}") = "NSE.Pagamentos.API", "src\services\NSE.Pagamento.API\NSE.Pagamentos.API.csproj", "{C060E7D9-72D1-4C05-832C-D8A9195C579D}"
EndProject
Project("{2150E333-8FDC-42A3-9474-1A3956D46DE8}") = "Services", "Services", "{2976BA95-7FBD-4FD8-9A95-1C95664F02D0}"
EndProject
Project("{9A19103F-16F7-4668-BE54-9A1E7A4F7556}") = "NSE.WebApi.Core", "src\building blocks\NSE.WebApi.Core\NSE.WebApi.Core.csproj", "{260C2899-BC5A-4B8C-8ADA-478C50A53BBE}"
EndProject
Project("{2150E333-8FDC-42A3-9474-1A3956D46DE8}") = "MessageBus", "MessageBus", "{F4F112D8-1E57-4AEA-BD09-129028062B7B}"
EndProject
Project("{9A19103F-16F7-4668-BE54-9A1E7A4F7556}") = "NSE.MessageBus", "src\building blocks\NSE.MessageBus\NSE.MessageBus.csproj", "{D2054FDA-A994-4D19-97D8-68027A5E985E}"
EndProject
Project("{2150E333-8FDC-42A3-9474-1A3956D46DE8}") = "ApiGateways", "ApiGateways", "{F376BACE-DD38-4C44-BA2F-F8052B005524}"
EndProject
Project("{2150E333-8FDC-42A3-9474-1A3956D46DE8}") = "Compras", "Compras", "{CADF3836-6BC6-45A8-BA9A-666988AACACC}"
EndProject
Project("{9A19103F-16F7-4668-BE54-9A1E7A4F7556}") = "NSE.Bff.Compras", "src\api geteways\NSE.Bff.Compras\NSE.Bff.Compras.csproj", "{24CF49C4-B9F7-4C9A-A5F8-ABB58D352308}"
EndProject
Project("{9A19103F-16F7-4668-BE54-9A1E7A4F7556}") = "NSE.Pedidos.Domain", "src\services\NSE.Pedidos.Domain\NSE.Pedidos.Domain.csproj", "{387ACAFB-4DF0-42C5-9079-016366A89CCE}"
EndProject
Project("{9A19103F-16F7-4668-BE54-9A1E7A4F7556}") = "NSE.Pedidos.Infra", "src\services\NSE.Pedidos.Infra\NSE.Pedidos.Infra.csproj", "{93D04ABD-ED79-433F-80DD-8E1CACAFE716}"
EndProject
Project("{9A19103F-16F7-4668-BE54-9A1E7A4F7556}") = "NSE.Pedidos.API", "src\services\NSE.Pedidos.API\NSE.Pedidos.API.csproj", "{0BC1873D-2363-446B-B6BC-518F5019FBF5}"
EndProject
Project("{9A19103F-16F7-4668-BE54-9A1E7A4F7556}") = "NSE.Pagamentos.NerdsPag", "src\services\NSE.Pagamentos.NerdsPag\NSE.Pagamentos.NerdsPag.csproj", "{4FE62A9D-0B1C-4D0A-8FDA-F795EFD578C0}"
EndProject
Project("{9A19103F-16F7-4668-BE54-9A1E7A4F7556}") = "NSE.Clientes.API", "src\services\NSE.Clientes.API\NSE.Clientes.API.csproj", "{05C244DA-325E-456D-ACA9-4F9D84D87823}"
EndProject
Global
	GlobalSection(SolutionConfigurationPlatforms) = preSolution
		Debug|Any CPU = Debug|Any CPU
		Release|Any CPU = Release|Any CPU
	EndGlobalSection
	GlobalSection(ProjectConfigurationPlatforms) = postSolution
		{67A8E761-47A1-4CDD-959E-A9D5A0959C62}.Debug|Any CPU.ActiveCfg = Debug|Any CPU
		{67A8E761-47A1-4CDD-959E-A9D5A0959C62}.Debug|Any CPU.Build.0 = Debug|Any CPU
		{67A8E761-47A1-4CDD-959E-A9D5A0959C62}.Release|Any CPU.ActiveCfg = Release|Any CPU
		{67A8E761-47A1-4CDD-959E-A9D5A0959C62}.Release|Any CPU.Build.0 = Release|Any CPU
		{19B2703F-15DD-4D8E-8AC7-EC46862C9185}.Debug|Any CPU.ActiveCfg = Debug|Any CPU
		{19B2703F-15DD-4D8E-8AC7-EC46862C9185}.Debug|Any CPU.Build.0 = Debug|Any CPU
		{19B2703F-15DD-4D8E-8AC7-EC46862C9185}.Release|Any CPU.ActiveCfg = Release|Any CPU
		{19B2703F-15DD-4D8E-8AC7-EC46862C9185}.Release|Any CPU.Build.0 = Release|Any CPU
		{6534A092-D55E-4932-AA4C-DA2F5F35D230}.Debug|Any CPU.ActiveCfg = Debug|Any CPU
		{6534A092-D55E-4932-AA4C-DA2F5F35D230}.Debug|Any CPU.Build.0 = Debug|Any CPU
		{6534A092-D55E-4932-AA4C-DA2F5F35D230}.Release|Any CPU.ActiveCfg = Release|Any CPU
		{6534A092-D55E-4932-AA4C-DA2F5F35D230}.Release|Any CPU.Build.0 = Release|Any CPU
		{03F09E30-621C-40BB-A2C2-2557EE9B57FB}.Debug|Any CPU.ActiveCfg = Debug|Any CPU
		{03F09E30-621C-40BB-A2C2-2557EE9B57FB}.Debug|Any CPU.Build.0 = Debug|Any CPU
		{03F09E30-621C-40BB-A2C2-2557EE9B57FB}.Release|Any CPU.ActiveCfg = Release|Any CPU
		{03F09E30-621C-40BB-A2C2-2557EE9B57FB}.Release|Any CPU.Build.0 = Release|Any CPU
		{1FAF726A-A974-4A70-B67E-1B2A6D7ACA0E}.Debug|Any CPU.ActiveCfg = Debug|Any CPU
		{1FAF726A-A974-4A70-B67E-1B2A6D7ACA0E}.Debug|Any CPU.Build.0 = Debug|Any CPU
		{1FAF726A-A974-4A70-B67E-1B2A6D7ACA0E}.Release|Any CPU.ActiveCfg = Release|Any CPU
		{1FAF726A-A974-4A70-B67E-1B2A6D7ACA0E}.Release|Any CPU.Build.0 = Release|Any CPU
		{C060E7D9-72D1-4C05-832C-D8A9195C579D}.Debug|Any CPU.ActiveCfg = Debug|Any CPU
		{C060E7D9-72D1-4C05-832C-D8A9195C579D}.Debug|Any CPU.Build.0 = Debug|Any CPU
		{C060E7D9-72D1-4C05-832C-D8A9195C579D}.Release|Any CPU.ActiveCfg = Release|Any CPU
		{C060E7D9-72D1-4C05-832C-D8A9195C579D}.Release|Any CPU.Build.0 = Release|Any CPU
		{260C2899-BC5A-4B8C-8ADA-478C50A53BBE}.Debug|Any CPU.ActiveCfg = Debug|Any CPU
		{260C2899-BC5A-4B8C-8ADA-478C50A53BBE}.Debug|Any CPU.Build.0 = Debug|Any CPU
		{260C2899-BC5A-4B8C-8ADA-478C50A53BBE}.Release|Any CPU.ActiveCfg = Release|Any CPU
		{260C2899-BC5A-4B8C-8ADA-478C50A53BBE}.Release|Any CPU.Build.0 = Release|Any CPU
		{D2054FDA-A994-4D19-97D8-68027A5E985E}.Debug|Any CPU.ActiveCfg = Debug|Any CPU
		{D2054FDA-A994-4D19-97D8-68027A5E985E}.Debug|Any CPU.Build.0 = Debug|Any CPU
		{D2054FDA-A994-4D19-97D8-68027A5E985E}.Release|Any CPU.ActiveCfg = Release|Any CPU
		{D2054FDA-A994-4D19-97D8-68027A5E985E}.Release|Any CPU.Build.0 = Release|Any CPU
		{24CF49C4-B9F7-4C9A-A5F8-ABB58D352308}.Debug|Any CPU.ActiveCfg = Debug|Any CPU
		{24CF49C4-B9F7-4C9A-A5F8-ABB58D352308}.Debug|Any CPU.Build.0 = Debug|Any CPU
		{24CF49C4-B9F7-4C9A-A5F8-ABB58D352308}.Release|Any CPU.ActiveCfg = Release|Any CPU
		{24CF49C4-B9F7-4C9A-A5F8-ABB58D352308}.Release|Any CPU.Build.0 = Release|Any CPU
		{387ACAFB-4DF0-42C5-9079-016366A89CCE}.Debug|Any CPU.ActiveCfg = Debug|Any CPU
		{387ACAFB-4DF0-42C5-9079-016366A89CCE}.Debug|Any CPU.Build.0 = Debug|Any CPU
		{387ACAFB-4DF0-42C5-9079-016366A89CCE}.Release|Any CPU.ActiveCfg = Release|Any CPU
		{387ACAFB-4DF0-42C5-9079-016366A89CCE}.Release|Any CPU.Build.0 = Release|Any CPU
		{93D04ABD-ED79-433F-80DD-8E1CACAFE716}.Debug|Any CPU.ActiveCfg = Debug|Any CPU
		{93D04ABD-ED79-433F-80DD-8E1CACAFE716}.Debug|Any CPU.Build.0 = Debug|Any CPU
		{93D04ABD-ED79-433F-80DD-8E1CACAFE716}.Release|Any CPU.ActiveCfg = Release|Any CPU
		{93D04ABD-ED79-433F-80DD-8E1CACAFE716}.Release|Any CPU.Build.0 = Release|Any CPU
		{0BC1873D-2363-446B-B6BC-518F5019FBF5}.Debug|Any CPU.ActiveCfg = Debug|Any CPU
		{0BC1873D-2363-446B-B6BC-518F5019FBF5}.Debug|Any CPU.Build.0 = Debug|Any CPU
		{0BC1873D-2363-446B-B6BC-518F5019FBF5}.Release|Any CPU.ActiveCfg = Release|Any CPU
		{0BC1873D-2363-446B-B6BC-518F5019FBF5}.Release|Any CPU.Build.0 = Release|Any CPU
		{4FE62A9D-0B1C-4D0A-8FDA-F795EFD578C0}.Debug|Any CPU.ActiveCfg = Debug|Any CPU
		{4FE62A9D-0B1C-4D0A-8FDA-F795EFD578C0}.Debug|Any CPU.Build.0 = Debug|Any CPU
		{4FE62A9D-0B1C-4D0A-8FDA-F795EFD578C0}.Release|Any CPU.ActiveCfg = Release|Any CPU
		{4FE62A9D-0B1C-4D0A-8FDA-F795EFD578C0}.Release|Any CPU.Build.0 = Release|Any CPU
		{05C244DA-325E-456D-ACA9-4F9D84D87823}.Debug|Any CPU.ActiveCfg = Debug|Any CPU
		{05C244DA-325E-456D-ACA9-4F9D84D87823}.Debug|Any CPU.Build.0 = Debug|Any CPU
		{05C244DA-325E-456D-ACA9-4F9D84D87823}.Release|Any CPU.ActiveCfg = Release|Any CPU
		{05C244DA-325E-456D-ACA9-4F9D84D87823}.Release|Any CPU.Build.0 = Release|Any CPU
	EndGlobalSection
	GlobalSection(SolutionProperties) = preSolution
		HideSolutionNode = FALSE
	EndGlobalSection
	GlobalSection(NestedProjects) = preSolution
		{337C3048-0931-4760-81EA-EBD3949715E5} = {DE25B04B-EF82-442F-9BFA-0704CEF8ECAB}
		{752C4FA5-72B0-4460-9F4C-70292CFA5A1B} = {DE25B04B-EF82-442F-9BFA-0704CEF8ECAB}
		{B0ACFB3A-C799-4A40-B36F-4EEA2036B7CD} = {DE25B04B-EF82-442F-9BFA-0704CEF8ECAB}
		{A360973D-5C56-4892-ADD8-EC7250D79922} = {752C4FA5-72B0-4460-9F4C-70292CFA5A1B}
		{67A8E761-47A1-4CDD-959E-A9D5A0959C62} = {A360973D-5C56-4892-ADD8-EC7250D79922}
		{256C5DE7-B8F7-440C-9F71-4631073EF183} = {B0ACFB3A-C799-4A40-B36F-4EEA2036B7CD}
		{19B2703F-15DD-4D8E-8AC7-EC46862C9185} = {256C5DE7-B8F7-440C-9F71-4631073EF183}
		{20AC7F82-E60F-4A30-83CB-CD27F03D8943} = {337C3048-0931-4760-81EA-EBD3949715E5}
		{6534A092-D55E-4932-AA4C-DA2F5F35D230} = {20AC7F82-E60F-4A30-83CB-CD27F03D8943}
		{FF96C1ED-08BA-4DAF-B2D3-9C83F243192D} = {752C4FA5-72B0-4460-9F4C-70292CFA5A1B}
		{AC029B07-CC48-430F-BEEF-262E8ABDF9A1} = {752C4FA5-72B0-4460-9F4C-70292CFA5A1B}
		{A4DFDBAD-C14F-4C2B-8C9C-1D4EC2D47FBE} = {752C4FA5-72B0-4460-9F4C-70292CFA5A1B}
		{EBEE8360-7D33-414D-A754-0556F7F0CC24} = {752C4FA5-72B0-4460-9F4C-70292CFA5A1B}
		{CE049409-08B3-47C7-8553-F29C263F4D05} = {752C4FA5-72B0-4460-9F4C-70292CFA5A1B}
		{03F09E30-621C-40BB-A2C2-2557EE9B57FB} = {FF96C1ED-08BA-4DAF-B2D3-9C83F243192D}
		{1FAF726A-A974-4A70-B67E-1B2A6D7ACA0E} = {AC029B07-CC48-430F-BEEF-262E8ABDF9A1}
		{C060E7D9-72D1-4C05-832C-D8A9195C579D} = {EBEE8360-7D33-414D-A754-0556F7F0CC24}
		{2976BA95-7FBD-4FD8-9A95-1C95664F02D0} = {337C3048-0931-4760-81EA-EBD3949715E5}
		{260C2899-BC5A-4B8C-8ADA-478C50A53BBE} = {2976BA95-7FBD-4FD8-9A95-1C95664F02D0}
		{F4F112D8-1E57-4AEA-BD09-129028062B7B} = {337C3048-0931-4760-81EA-EBD3949715E5}
		{D2054FDA-A994-4D19-97D8-68027A5E985E} = {F4F112D8-1E57-4AEA-BD09-129028062B7B}
		{F376BACE-DD38-4C44-BA2F-F8052B005524} = {DE25B04B-EF82-442F-9BFA-0704CEF8ECAB}
		{CADF3836-6BC6-45A8-BA9A-666988AACACC} = {F376BACE-DD38-4C44-BA2F-F8052B005524}
		{24CF49C4-B9F7-4C9A-A5F8-ABB58D352308} = {CADF3836-6BC6-45A8-BA9A-666988AACACC}
		{387ACAFB-4DF0-42C5-9079-016366A89CCE} = {CE049409-08B3-47C7-8553-F29C263F4D05}
		{93D04ABD-ED79-433F-80DD-8E1CACAFE716} = {CE049409-08B3-47C7-8553-F29C263F4D05}
		{0BC1873D-2363-446B-B6BC-518F5019FBF5} = {CE049409-08B3-47C7-8553-F29C263F4D05}
		{4FE62A9D-0B1C-4D0A-8FDA-F795EFD578C0} = {EBEE8360-7D33-414D-A754-0556F7F0CC24}
		{05C244DA-325E-456D-ACA9-4F9D84D87823} = {A4DFDBAD-C14F-4C2B-8C9C-1D4EC2D47FBE}
	EndGlobalSection
	GlobalSection(ExtensibilityGlobals) = postSolution
		SolutionGuid = {DA04CFDB-5335-4410-B614-33669940A580}
	EndGlobalSection
EndGlobal
