
Microsoft Visual Studio Solution File, Format Version 12.00
# Visual Studio Version 16
VisualStudioVersion = 16.0.30804.86
MinimumVisualStudioVersion = 10.0.40219.1
Project("{2150E333-8FDC-42A3-9474-1A3956D46DE8}") = "src", "src", "{DE25B04B-EF82-442F-9BFA-0704CEF8ECAB}"
EndProject
Project("{2150E333-8FDC-42A3-9474-1A3956D46DE8}") = "Building Blocks", "Building Blocks", "{337C3048-0931-4760-81EA-EBD3949715E5}"
EndProject
Project("{2150E333-8FDC-42A3-9474-1A3956D46DE8}") = "Services", "Services", "{752C4FA5-72B0-4460-9F4C-70292CFA5A1B}"
EndProject
Project("{2150E333-8FDC-42A3-9474-1A3956D46DE8}") = "Web", "Web", "{B0ACFB3A-C799-4A40-B36F-4EEA2036B7CD}"
EndProject
Project("{2150E333-8FDC-42A3-9474-1A3956D46DE8}") = "Identidade", "Identidade", "{A360973D-5C56-4892-ADD8-EC7250D79922}"
EndProject
Project("{9A19103F-16F7-4668-BE54-9A1E7A4F7556}") = "NSE.Identidade.API", "src\services\NSE.Identidade.API\NSE.Identidade.API.csproj", "{67A8E761-47A1-4CDD-959E-A9D5A0959C62}"
EndProject
Project("{2150E333-8FDC-42A3-9474-1A3956D46DE8}") = "MVC", "MVC", "{256C5DE7-B8F7-440C-9F71-4631073EF183}"
EndProject
Project("{9A19103F-16F7-4668-BE54-9A1E7A4F7556}") = "NSE.WebApp.MVC", "src\web\NSE.WebApp.MVC\NSE.WebApp.MVC.csproj", "{19B2703F-15DD-4D8E-8AC7-EC46862C9185}"
EndProject
Project("{2150E333-8FDC-42A3-9474-1A3956D46DE8}") = "Core", "Core", "{20AC7F82-E60F-4A30-83CB-CD27F03D8943}"
EndProject
Project("{9A19103F-16F7-4668-BE54-9A1E7A4F7556}") = "NSE.Core", "src\building blocks\NSE.Core\NSE.Core.csproj", "{6534A092-D55E-4932-AA4C-DA2F5F35D230}"
EndProject
Project("{2150E333-8FDC-42A3-9474-1A3956D46DE8}") = "Carrinho", "Carrinho", "{FF96C1ED-08BA-4DAF-B2D3-9C83F243192D}"
EndProject
Project("{2150E333-8FDC-42A3-9474-1A3956D46DE8}") = "Catalogo", "Catalogo", "{AC029B07-CC48-430F-BEEF-262E8ABDF9A1}"
EndProject
Project("{2150E333-8FDC-42A3-9474-1A3956D46DE8}") = "Cliente", "Cliente", "{A4DFDBAD-C14F-4C2B-8C9C-1D4EC2D47FBE}"
EndProject
Project("{2150E333-8FDC-42A3-9474-1A3956D46DE8}") = "Pagamento", "Pagamento", "{EBEE8360-7D33-414D-A754-0556F7F0CC24}"
EndProject
Project("{2150E333-8FDC-42A3-9474-1A3956D46DE8}") = "Pedido", "Pedido", "{CE049409-08B3-47C7-8553-F29C263F4D05}"
EndProject
Project("{9A19103F-16F7-4668-BE54-9A1E7A4F7556}") = "NSE.Carrinho.API", "src\services\NSE.Carrinho.API\NSE.Carrinho.API.csproj", "{03F09E30-621C-40BB-A2C2-2557EE9B57FB}"
EndProject
Project("{9A19103F-16F7-4668-BE54-9A1E7A4F7556}") = "NSE.Catalogo.API", "src\services\NSE.Catalogo.API\NSE.Catalogo.API.csproj", "{1FAF726A-A974-4A70-B67E-1B2A6D7ACA0E}"
EndProject
Project("{9A19103F-16F7-4668-BE54-9A1E7A4F7556}") = "NSE.Cliente.API", "src\services\NSE.Cliente.API\NSE.Cliente.API.csproj", "{60873C0D-6545-44EE-A783-5A1D9370BCA6}"
EndProject
Project("{9A19103F-16F7-4668-BE54-9A1E7A4F7556}") = "NSE.Pagamento.API", "src\services\NSE.Pagamento.API\NSE.Pagamento.API.csproj", "{C060E7D9-72D1-4C05-832C-D8A9195C579D}"
EndProject
Project("{9A19103F-16F7-4668-BE54-9A1E7A4F7556}") = "NSE.Pedido.API", "src\services\NSE.Pedido.API\NSE.Pedido.API.csproj", "{783E88C9-F62A-4F37-92F9-299778BD17A4}"
EndProject
Project("{2150E333-8FDC-42A3-9474-1A3956D46DE8}") = "Services", "Services", "{2976BA95-7FBD-4FD8-9A95-1C95664F02D0}"
EndProject
Project("{FAE04EC0-301F-11D3-BF4B-00C04F79EFBC}") = "NSE.WebApi.Core", "src\building blocks\NSE.WebApi.Core\NSE.WebApi.Core.csproj", "{260C2899-BC5A-4B8C-8ADA-478C50A53BBE}"
EndProject
Global
	GlobalSection(SolutionConfigurationPlatforms) = preSolution
		Debug|Any CPU = Debug|Any CPU
		Release|Any CPU = Release|Any CPU
	EndGlobalSection
	GlobalSection(ProjectConfigurationPlatforms) = postSolution
		{67A8E761-47A1-4CDD-959E-A9D5A0959C62}.Debug|Any CPU.ActiveCfg = Debug|Any CPU
		{67A8E761-47A1-4CDD-959E-A9D5A0959C62}.Debug|Any CPU.Build.0 = Debug|Any CPU
		{67A8E761-47A1-4CDD-959E-A9D5A0959C62}.Release|Any CPU.ActiveCfg = Release|Any CPU
		{67A8E761-47A1-4CDD-959E-A9D5A0959C62}.Release|Any CPU.Build.0 = Release|Any CPU
		{19B2703F-15DD-4D8E-8AC7-EC46862C9185}.Debug|Any CPU.ActiveCfg = Debug|Any CPU
		{19B2703F-15DD-4D8E-8AC7-EC46862C9185}.Debug|Any CPU.Build.0 = Debug|Any CPU
		{19B2703F-15DD-4D8E-8AC7-EC46862C9185}.Release|Any CPU.ActiveCfg = Release|Any CPU
		{19B2703F-15DD-4D8E-8AC7-EC46862C9185}.Release|Any CPU.Build.0 = Release|Any CPU
		{6534A092-D55E-4932-AA4C-DA2F5F35D230}.Debug|Any CPU.ActiveCfg = Debug|Any CPU
		{6534A092-D55E-4932-AA4C-DA2F5F35D230}.Debug|Any CPU.Build.0 = Debug|Any CPU
		{6534A092-D55E-4932-AA4C-DA2F5F35D230}.Release|Any CPU.ActiveCfg = Release|Any CPU
		{6534A092-D55E-4932-AA4C-DA2F5F35D230}.Release|Any CPU.Build.0 = Release|Any CPU
		{03F09E30-621C-40BB-A2C2-2557EE9B57FB}.Debug|Any CPU.ActiveCfg = Debug|Any CPU
		{03F09E30-621C-40BB-A2C2-2557EE9B57FB}.Debug|Any CPU.Build.0 = Debug|Any CPU
		{03F09E30-621C-40BB-A2C2-2557EE9B57FB}.Release|Any CPU.ActiveCfg = Release|Any CPU
		{03F09E30-621C-40BB-A2C2-2557EE9B57FB}.Release|Any CPU.Build.0 = Release|Any CPU
		{1FAF726A-A974-4A70-B67E-1B2A6D7ACA0E}.Debug|Any CPU.ActiveCfg = Debug|Any CPU
		{1FAF726A-A974-4A70-B67E-1B2A6D7ACA0E}.Debug|Any CPU.Build.0 = Debug|Any CPU
		{1FAF726A-A974-4A70-B67E-1B2A6D7ACA0E}.Release|Any CPU.ActiveCfg = Release|Any CPU
		{1FAF726A-A974-4A70-B67E-1B2A6D7ACA0E}.Release|Any CPU.Build.0 = Release|Any CPU
		{60873C0D-6545-44EE-A783-5A1D9370BCA6}.Debug|Any CPU.ActiveCfg = Debug|Any CPU
		{60873C0D-6545-44EE-A783-5A1D9370BCA6}.Debug|Any CPU.Build.0 = Debug|Any CPU
		{60873C0D-6545-44EE-A783-5A1D9370BCA6}.Release|Any CPU.ActiveCfg = Release|Any CPU
		{60873C0D-6545-44EE-A783-5A1D9370BCA6}.Release|Any CPU.Build.0 = Release|Any CPU
		{C060E7D9-72D1-4C05-832C-D8A9195C579D}.Debug|Any CPU.ActiveCfg = Debug|Any CPU
		{C060E7D9-72D1-4C05-832C-D8A9195C579D}.Debug|Any CPU.Build.0 = Debug|Any CPU
		{C060E7D9-72D1-4C05-832C-D8A9195C579D}.Release|Any CPU.ActiveCfg = Release|Any CPU
		{C060E7D9-72D1-4C05-832C-D8A9195C579D}.Release|Any CPU.Build.0 = Release|Any CPU
		{783E88C9-F62A-4F37-92F9-299778BD17A4}.Debug|Any CPU.ActiveCfg = Debug|Any CPU
		{783E88C9-F62A-4F37-92F9-299778BD17A4}.Debug|Any CPU.Build.0 = Debug|Any CPU
		{783E88C9-F62A-4F37-92F9-299778BD17A4}.Release|Any CPU.ActiveCfg = Release|Any CPU
		{783E88C9-F62A-4F37-92F9-299778BD17A4}.Release|Any CPU.Build.0 = Release|Any CPU
		{260C2899-BC5A-4B8C-8ADA-478C50A53BBE}.Debug|Any CPU.ActiveCfg = Debug|Any CPU
		{260C2899-BC5A-4B8C-8ADA-478C50A53BBE}.Debug|Any CPU.Build.0 = Debug|Any CPU
		{260C2899-BC5A-4B8C-8ADA-478C50A53BBE}.Release|Any CPU.ActiveCfg = Release|Any CPU
		{260C2899-BC5A-4B8C-8ADA-478C50A53BBE}.Release|Any CPU.Build.0 = Release|Any CPU
	EndGlobalSection
	GlobalSection(SolutionProperties) = preSolution
		HideSolutionNode = FALSE
	EndGlobalSection
	GlobalSection(NestedProjects) = preSolution
		{337C3048-0931-4760-81EA-EBD3949715E5} = {DE25B04B-EF82-442F-9BFA-0704CEF8ECAB}
		{752C4FA5-72B0-4460-9F4C-70292CFA5A1B} = {DE25B04B-EF82-442F-9BFA-0704CEF8ECAB}
		{B0ACFB3A-C799-4A40-B36F-4EEA2036B7CD} = {DE25B04B-EF82-442F-9BFA-0704CEF8ECAB}
		{A360973D-5C56-4892-ADD8-EC7250D79922} = {752C4FA5-72B0-4460-9F4C-70292CFA5A1B}
		{67A8E761-47A1-4CDD-959E-A9D5A0959C62} = {A360973D-5C56-4892-ADD8-EC7250D79922}
		{256C5DE7-B8F7-440C-9F71-4631073EF183} = {B0ACFB3A-C799-4A40-B36F-4EEA2036B7CD}
		{19B2703F-15DD-4D8E-8AC7-EC46862C9185} = {256C5DE7-B8F7-440C-9F71-4631073EF183}
		{20AC7F82-E60F-4A30-83CB-CD27F03D8943} = {337C3048-0931-4760-81EA-EBD3949715E5}
		{6534A092-D55E-4932-AA4C-DA2F5F35D230} = {20AC7F82-E60F-4A30-83CB-CD27F03D8943}
		{FF96C1ED-08BA-4DAF-B2D3-9C83F243192D} = {752C4FA5-72B0-4460-9F4C-70292CFA5A1B}
		{AC029B07-CC48-430F-BEEF-262E8ABDF9A1} = {752C4FA5-72B0-4460-9F4C-70292CFA5A1B}
		{A4DFDBAD-C14F-4C2B-8C9C-1D4EC2D47FBE} = {752C4FA5-72B0-4460-9F4C-70292CFA5A1B}
		{EBEE8360-7D33-414D-A754-0556F7F0CC24} = {752C4FA5-72B0-4460-9F4C-70292CFA5A1B}
		{CE049409-08B3-47C7-8553-F29C263F4D05} = {752C4FA5-72B0-4460-9F4C-70292CFA5A1B}
		{03F09E30-621C-40BB-A2C2-2557EE9B57FB} = {FF96C1ED-08BA-4DAF-B2D3-9C83F243192D}
		{1FAF726A-A974-4A70-B67E-1B2A6D7ACA0E} = {AC029B07-CC48-430F-BEEF-262E8ABDF9A1}
		{60873C0D-6545-44EE-A783-5A1D9370BCA6} = {A4DFDBAD-C14F-4C2B-8C9C-1D4EC2D47FBE}
		{C060E7D9-72D1-4C05-832C-D8A9195C579D} = {EBEE8360-7D33-414D-A754-0556F7F0CC24}
		{783E88C9-F62A-4F37-92F9-299778BD17A4} = {CE049409-08B3-47C7-8553-F29C263F4D05}
		{2976BA95-7FBD-4FD8-9A95-1C95664F02D0} = {337C3048-0931-4760-81EA-EBD3949715E5}
		{260C2899-BC5A-4B8C-8ADA-478C50A53BBE} = {2976BA95-7FBD-4FD8-9A95-1C95664F02D0}
	EndGlobalSection
	GlobalSection(ExtensibilityGlobals) = postSolution
		SolutionGuid = {DA04CFDB-5335-4410-B614-33669940A580}
	EndGlobalSection
EndGlobal
